
Microsoft Visual Studio Solution File, Format Version 12.00
# Visual Studio Version 17
VisualStudioVersion = 17.0.31611.283
MinimumVisualStudioVersion = 10.0.40219.1
Project("{9A19103F-16F7-4668-BE54-9A1E7A4F7556}") = "Practice Test 3 MAUI", "Practice Test 3 MAUI\Practice Test 3 MAUI.csproj", "{1F012602-58C3-4DB1-8B1C-C0EA027CFCA0}"
EndProject
Project("{FAE04EC0-301F-11D3-BF4B-00C04F79EFBC}") = "NumberFun", "NumberFun\NumberFun.csproj", "{213B4A1A-3038-46E3-9892-5EE1890CF396}"
EndProject
Project("{FAE04EC0-301F-11D3-BF4B-00C04F79EFBC}") = "NumberFunTests", "NumberFunTests\NumberFunTests.csproj", "{A7456A6E-B09C-4204-823A-ABFF4BEA09B4}"
EndProject
Global
	GlobalSection(SolutionConfigurationPlatforms) = preSolution
		Debug|Any CPU = Debug|Any CPU
		Release|Any CPU = Release|Any CPU
	EndGlobalSection
	GlobalSection(ProjectConfigurationPlatforms) = postSolution
		{1F012602-58C3-4DB1-8B1C-C0EA027CFCA0}.Debug|Any CPU.ActiveCfg = Debug|Any CPU
		{1F012602-58C3-4DB1-8B1C-C0EA027CFCA0}.Debug|Any CPU.Build.0 = Debug|Any CPU
		{1F012602-58C3-4DB1-8B1C-C0EA027CFCA0}.Debug|Any CPU.Deploy.0 = Debug|Any CPU
		{1F012602-58C3-4DB1-8B1C-C0EA027CFCA0}.Release|Any CPU.ActiveCfg = Release|Any CPU
		{1F012602-58C3-4DB1-8B1C-C0EA027CFCA0}.Release|Any CPU.Build.0 = Release|Any CPU
		{1F012602-58C3-4DB1-8B1C-C0EA027CFCA0}.Release|Any CPU.Deploy.0 = Release|Any CPU
		{213B4A1A-3038-46E3-9892-5EE1890CF396}.Debug|Any CPU.ActiveCfg = Debug|Any CPU
		{213B4A1A-3038-46E3-9892-5EE1890CF396}.Debug|Any CPU.Build.0 = Debug|Any CPU
		{213B4A1A-3038-46E3-9892-5EE1890CF396}.Release|Any CPU.ActiveCfg = Release|Any CPU
		{213B4A1A-3038-46E3-9892-5EE1890CF396}.Release|Any CPU.Build.0 = Release|Any CPU
		{A7456A6E-B09C-4204-823A-ABFF4BEA09B4}.Debug|Any CPU.ActiveCfg = Debug|Any CPU
		{A7456A6E-B09C-4204-823A-ABFF4BEA09B4}.Debug|Any CPU.Build.0 = Debug|Any CPU
		{A7456A6E-B09C-4204-823A-ABFF4BEA09B4}.Release|Any CPU.ActiveCfg = Release|Any CPU
		{A7456A6E-B09C-4204-823A-ABFF4BEA09B4}.Release|Any CPU.Build.0 = Release|Any CPU
	EndGlobalSection
	GlobalSection(SolutionProperties) = preSolution
		HideSolutionNode = FALSE
	EndGlobalSection
	GlobalSection(ExtensibilityGlobals) = postSolution
		SolutionGuid = {61F7FB11-1E47-470C-91E2-47F8143E1572}
	EndGlobalSection
EndGlobal
